
Microsoft Visual Studio Solution File, Format Version 12.00
# Visual Studio Version 16
VisualStudioVersion = 16.0.29025.244
MinimumVisualStudioVersion = 10.0.40219.1
Project("{9A19103F-16F7-4668-BE54-9A1E7A4F7556}") = "NeuralNetDomain", "NeuralNetDomain\NeuralNetDomain.csproj", "{DF27B83F-0A04-406E-BE43-B5D0DB05BE1C}"
EndProject
Project("{9A19103F-16F7-4668-BE54-9A1E7A4F7556}") = "NeuralNetDomainService", "NeuralNetDomainService\NeuralNetDomainService.csproj", "{23ECE3CA-2298-4824-835A-ED1FF8516ECE}"
EndProject
Project("{2150E333-8FDC-42A3-9474-1A3956D46DE8}") = "NeuralNet", "NeuralNet", "{B97A9F89-D31A-42E9-B83D-F24876EF8566}"
EndProject
Project("{9A19103F-16F7-4668-BE54-9A1E7A4F7556}") = "NeuralNetApplicationServices", "NeuralNetApplicationServices\NeuralNetApplicationServices.csproj", "{6373EB5A-BA9A-458F-A903-838CF18E1581}"
EndProject
Project("{9A19103F-16F7-4668-BE54-9A1E7A4F7556}") = "NeuralNetApi", "NeuralNetApi\NeuralNetApi.csproj", "{9BB2A598-15C2-43D3-97C9-CE7C46D08A64}"
EndProject
Project("{9A19103F-16F7-4668-BE54-9A1E7A4F7556}") = "NeuralNetInfrastructure", "NeuralNetInfrastructure\NeuralNetInfrastructure.csproj", "{C27108CD-21B0-42A8-8B35-1DB2C796EE53}"
EndProject
Project("{9A19103F-16F7-4668-BE54-9A1E7A4F7556}") = "WebService", "WebService\WebService.csproj", "{FA07097C-918C-4926-84AA-B7A8400E807C}"
EndProject
Project("{9A19103F-16F7-4668-BE54-9A1E7A4F7556}") = "NeuralNetTests", "NeuralNetTests\NeuralNetTests.csproj", "{A8FCC23A-4E35-4AE0-B3A8-7E452DB98B79}"
EndProject
Global
	GlobalSection(SolutionConfigurationPlatforms) = preSolution
		Debug|Any CPU = Debug|Any CPU
		Release|Any CPU = Release|Any CPU
	EndGlobalSection
	GlobalSection(ProjectConfigurationPlatforms) = postSolution
		{DF27B83F-0A04-406E-BE43-B5D0DB05BE1C}.Debug|Any CPU.ActiveCfg = Debug|Any CPU
		{DF27B83F-0A04-406E-BE43-B5D0DB05BE1C}.Debug|Any CPU.Build.0 = Debug|Any CPU
		{DF27B83F-0A04-406E-BE43-B5D0DB05BE1C}.Release|Any CPU.ActiveCfg = Release|Any CPU
		{DF27B83F-0A04-406E-BE43-B5D0DB05BE1C}.Release|Any CPU.Build.0 = Release|Any CPU
		{23ECE3CA-2298-4824-835A-ED1FF8516ECE}.Debug|Any CPU.ActiveCfg = Debug|Any CPU
		{23ECE3CA-2298-4824-835A-ED1FF8516ECE}.Debug|Any CPU.Build.0 = Debug|Any CPU
		{23ECE3CA-2298-4824-835A-ED1FF8516ECE}.Release|Any CPU.ActiveCfg = Release|Any CPU
		{23ECE3CA-2298-4824-835A-ED1FF8516ECE}.Release|Any CPU.Build.0 = Release|Any CPU
		{6373EB5A-BA9A-458F-A903-838CF18E1581}.Debug|Any CPU.ActiveCfg = Debug|Any CPU
		{6373EB5A-BA9A-458F-A903-838CF18E1581}.Debug|Any CPU.Build.0 = Debug|Any CPU
		{6373EB5A-BA9A-458F-A903-838CF18E1581}.Release|Any CPU.ActiveCfg = Release|Any CPU
		{6373EB5A-BA9A-458F-A903-838CF18E1581}.Release|Any CPU.Build.0 = Release|Any CPU
		{9BB2A598-15C2-43D3-97C9-CE7C46D08A64}.Debug|Any CPU.ActiveCfg = Debug|Any CPU
		{9BB2A598-15C2-43D3-97C9-CE7C46D08A64}.Debug|Any CPU.Build.0 = Debug|Any CPU
		{9BB2A598-15C2-43D3-97C9-CE7C46D08A64}.Release|Any CPU.ActiveCfg = Release|Any CPU
		{9BB2A598-15C2-43D3-97C9-CE7C46D08A64}.Release|Any CPU.Build.0 = Release|Any CPU
		{C27108CD-21B0-42A8-8B35-1DB2C796EE53}.Debug|Any CPU.ActiveCfg = Debug|Any CPU
		{C27108CD-21B0-42A8-8B35-1DB2C796EE53}.Debug|Any CPU.Build.0 = Debug|Any CPU
		{C27108CD-21B0-42A8-8B35-1DB2C796EE53}.Release|Any CPU.ActiveCfg = Release|Any CPU
		{C27108CD-21B0-42A8-8B35-1DB2C796EE53}.Release|Any CPU.Build.0 = Release|Any CPU
		{FA07097C-918C-4926-84AA-B7A8400E807C}.Debug|Any CPU.ActiveCfg = Debug|Any CPU
		{FA07097C-918C-4926-84AA-B7A8400E807C}.Debug|Any CPU.Build.0 = Debug|Any CPU
		{FA07097C-918C-4926-84AA-B7A8400E807C}.Release|Any CPU.ActiveCfg = Release|Any CPU
		{FA07097C-918C-4926-84AA-B7A8400E807C}.Release|Any CPU.Build.0 = Release|Any CPU
		{A8FCC23A-4E35-4AE0-B3A8-7E452DB98B79}.Debug|Any CPU.ActiveCfg = Debug|Any CPU
		{A8FCC23A-4E35-4AE0-B3A8-7E452DB98B79}.Debug|Any CPU.Build.0 = Debug|Any CPU
		{A8FCC23A-4E35-4AE0-B3A8-7E452DB98B79}.Release|Any CPU.ActiveCfg = Release|Any CPU
		{A8FCC23A-4E35-4AE0-B3A8-7E452DB98B79}.Release|Any CPU.Build.0 = Release|Any CPU
	EndGlobalSection
	GlobalSection(SolutionProperties) = preSolution
		HideSolutionNode = FALSE
	EndGlobalSection
	GlobalSection(NestedProjects) = preSolution
		{DF27B83F-0A04-406E-BE43-B5D0DB05BE1C} = {B97A9F89-D31A-42E9-B83D-F24876EF8566}
		{23ECE3CA-2298-4824-835A-ED1FF8516ECE} = {B97A9F89-D31A-42E9-B83D-F24876EF8566}
		{6373EB5A-BA9A-458F-A903-838CF18E1581} = {B97A9F89-D31A-42E9-B83D-F24876EF8566}
		{9BB2A598-15C2-43D3-97C9-CE7C46D08A64} = {B97A9F89-D31A-42E9-B83D-F24876EF8566}
		{C27108CD-21B0-42A8-8B35-1DB2C796EE53} = {B97A9F89-D31A-42E9-B83D-F24876EF8566}
		{A8FCC23A-4E35-4AE0-B3A8-7E452DB98B79} = {B97A9F89-D31A-42E9-B83D-F24876EF8566}
	EndGlobalSection
	GlobalSection(ExtensibilityGlobals) = postSolution
		SolutionGuid = {3D9B02C6-AE61-490F-B2B9-FF4A8C35FD50}
	EndGlobalSection
EndGlobal
